
Microsoft Visual Studio Solution File, Format Version 12.00
# Visual Studio Version 17
VisualStudioVersion = 17.11.35222.181
MinimumVisualStudioVersion = 10.0.40219.1
Project("{FAE04EC0-301F-11D3-BF4B-00C04F79EFBC}") = "FindTheAnswer_game", "FindTheAnswer_game\FindTheAnswer_game.csproj", "{990AA232-A018-4E2E-B2B5-44E463FCD407}"
EndProject
Global
	GlobalSection(SolutionConfigurationPlatforms) = preSolution
		Debug|Any CPU = Debug|Any CPU
		Release|Any CPU = Release|Any CPU
	EndGlobalSection
	GlobalSection(ProjectConfigurationPlatforms) = postSolution
		{990AA232-A018-4E2E-B2B5-44E463FCD407}.Debug|Any CPU.ActiveCfg = Debug|Any CPU
		{990AA232-A018-4E2E-B2B5-44E463FCD407}.Debug|Any CPU.Build.0 = Debug|Any CPU
		{990AA232-A018-4E2E-B2B5-44E463FCD407}.Release|Any CPU.ActiveCfg = Release|Any CPU
		{990AA232-A018-4E2E-B2B5-44E463FCD407}.Release|Any CPU.Build.0 = Release|Any CPU
	EndGlobalSection
	GlobalSection(SolutionProperties) = preSolution
		HideSolutionNode = FALSE
	EndGlobalSection
	GlobalSection(ExtensibilityGlobals) = postSolution
		SolutionGuid = {543DF93B-4C9C-4FAA-96BD-F318D5018959}
	EndGlobalSection
EndGlobal
